// !$*UTF8*$!
{
	archiveVersion = 1;
	classes = {
	};
	objectVersion = 56;
	objects = {

/* Begin PBXBuildFile section */
		A00000000000000000000014 /* TopherCore in Frameworks */ = {isa = PBXBuildFile; productRef = A00000000000000000000012 /* TopherCore */; };
		A00000000000000000000015 /* KeyboardShortcuts in Frameworks */ = {isa = PBXBuildFile; productRef = A00000000000000000000013 /* KeyboardShortcuts */; };
		A0000000000000000000004C /* AccessibilityPermissionClient.swift in Sources */ = {isa = PBXBuildFile; fileRef = A0000000000000000000004B /* AccessibilityPermissionClient.swift */; };
		A0000000000000000000004E /* DictationClipboardCapability.swift in Sources */ = {isa = PBXBuildFile; fileRef = A0000000000000000000004D /* DictationClipboardCapability.swift */; };
		A00000000000000000000050 /* FocusedTextInsertionCapability.swift in Sources */ = {isa = PBXBuildFile; fileRef = A0000000000000000000004F /* FocusedTextInsertionCapability.swift */; };
		A00000000000000000000053 /* DictationPolishSettings.swift in Sources */ = {isa = PBXBuildFile; fileRef = A00000000000000000000052 /* DictationPolishSettings.swift */; };
		A00000000000000000000030 /* ApplicationOpenCapability.swift in Sources */ = {isa = PBXBuildFile; fileRef = A00000000000000000000020 /* ApplicationOpenCapability.swift */; };
		A00000000000000000000031 /* KeyboardShortcut.swift in Sources */ = {isa = PBXBuildFile; fileRef = A00000000000000000000021 /* KeyboardShortcut.swift */; };
		A00000000000000000000032 /* MenuContentView.swift in Sources */ = {isa = PBXBuildFile; fileRef = A00000000000000000000022 /* MenuContentView.swift */; };
		A00000000000000000000033 /* TopherApp.swift in Sources */ = {isa = PBXBuildFile; fileRef = A00000000000000000000023 /* TopherApp.swift */; };
		A00000000000000000000034 /* TopherModel.swift in Sources */ = {isa = PBXBuildFile; fileRef = A00000000000000000000024 /* TopherModel.swift */; };
		A00000000000000000000035 /* WebOpenCapability.swift in Sources */ = {isa = PBXBuildFile; fileRef = A00000000000000000000025 /* WebOpenCapability.swift */; };
		A00000000000000000000036 /* MicrophonePermissionClient.swift in Sources */ = {isa = PBXBuildFile; fileRef = A00000000000000000000026 /* MicrophonePermissionClient.swift */; };
		A00000000000000000000037 /* SpeechAssetPreparationClient.swift in Sources */ = {isa = PBXBuildFile; fileRef = A00000000000000000000027 /* SpeechAssetPreparationClient.swift */; };
		A00000000000000000000038 /* SpeechAudioConversion.swift in Sources */ = {isa = PBXBuildFile; fileRef = A00000000000000000000028 /* SpeechAudioConversion.swift */; };
		A00000000000000000000039 /* SpeechTranscriptionSession.swift in Sources */ = {isa = PBXBuildFile; fileRef = A00000000000000000000029 /* SpeechTranscriptionSession.swift */; };
		A0000000000000000000003A /* VoiceTranscriptionClient.swift in Sources */ = {isa = PBXBuildFile; fileRef = A0000000000000000000002A /* VoiceTranscriptionClient.swift */; };
		A0000000000000000000003B /* VoiceFeedbackHUD.swift in Sources */ = {isa = PBXBuildFile; fileRef = A0000000000000000000002C /* VoiceFeedbackHUD.swift */; };
		A0000000000000000000003C /* AssistantCommandProcessor.swift in Sources */ = {isa = PBXBuildFile; fileRef = A0000000000000000000002D /* AssistantCommandProcessor.swift */; };
		A0000000000000000000003D /* PushToTalkCaptureController.swift in Sources */ = {isa = PBXBuildFile; fileRef = A0000000000000000000002E /* PushToTalkCaptureController.swift */; };
		A0000000000000000000003E /* DeveloperDiagnosticsStore.swift in Sources */ = {isa = PBXBuildFile; fileRef = A0000000000000000000002F /* DeveloperDiagnosticsStore.swift */; };
		A0000000000000000000003F /* DeveloperDiagnosticsController.swift in Sources */ = {isa = PBXBuildFile; fileRef = A00000000000000000000040 /* DeveloperDiagnosticsController.swift */; };
		A00000000000000000000041 /* DeveloperDiagnosticsView.swift in Sources */ = {isa = PBXBuildFile; fileRef = A00000000000000000000042 /* DeveloperDiagnosticsView.swift */; };
		A00000000000000000000043 /* SpeechVocabularyController.swift in Sources */ = {isa = PBXBuildFile; fileRef = A00000000000000000000044 /* SpeechVocabularyController.swift */; };
		A00000000000000000000046 /* TopherSingleInstanceLock.swift in Sources */ = {isa = PBXBuildFile; fileRef = A00000000000000000000045 /* TopherSingleInstanceLock.swift */; };
		A00000000000000000000048 /* InstalledApplicationCatalog.swift in Sources */ = {isa = PBXBuildFile; fileRef = A00000000000000000000047 /* InstalledApplicationCatalog.swift */; };
		A0000000000000000000004A /* FrontmostApplicationCapability.swift in Sources */ = {isa = PBXBuildFile; fileRef = A00000000000000000000049 /* FrontmostApplicationCapability.swift */; };
/* End PBXBuildFile section */

/* Begin PBXFileReference section */
		A00000000000000000000005 /* Topher.app */ = {isa = PBXFileReference; explicitFileType = wrapper.application; includeInIndex = 0; path = Topher.app; sourceTree = BUILT_PRODUCTS_DIR; };
		A0000000000000000000004B /* AccessibilityPermissionClient.swift */ = {isa = PBXFileReference; lastKnownFileType = sourcecode.swift; path = AccessibilityPermissionClient.swift; sourceTree = "<group>"; };
		A0000000000000000000004D /* DictationClipboardCapability.swift */ = {isa = PBXFileReference; lastKnownFileType = sourcecode.swift; path = DictationClipboardCapability.swift; sourceTree = "<group>"; };
		A0000000000000000000004F /* FocusedTextInsertionCapability.swift */ = {isa = PBXFileReference; lastKnownFileType = sourcecode.swift; path = FocusedTextInsertionCapability.swift; sourceTree = "<group>"; };
		A00000000000000000000052 /* DictationPolishSettings.swift */ = {isa = PBXFileReference; lastKnownFileType = sourcecode.swift; path = DictationPolishSettings.swift; sourceTree = "<group>"; };
		A00000000000000000000020 /* ApplicationOpenCapability.swift */ = {isa = PBXFileReference; lastKnownFileType = sourcecode.swift; path = ApplicationOpenCapability.swift; sourceTree = "<group>"; };
		A00000000000000000000021 /* KeyboardShortcut.swift */ = {isa = PBXFileReference; lastKnownFileType = sourcecode.swift; path = KeyboardShortcut.swift; sourceTree = "<group>"; };
		A00000000000000000000022 /* MenuContentView.swift */ = {isa = PBXFileReference; lastKnownFileType = sourcecode.swift; path = MenuContentView.swift; sourceTree = "<group>"; };
		A00000000000000000000023 /* TopherApp.swift */ = {isa = PBXFileReference; lastKnownFileType = sourcecode.swift; path = TopherApp.swift; sourceTree = "<group>"; };
		A00000000000000000000024 /* TopherModel.swift */ = {isa = PBXFileReference; lastKnownFileType = sourcecode.swift; path = TopherModel.swift; sourceTree = "<group>"; };
		A00000000000000000000025 /* WebOpenCapability.swift */ = {isa = PBXFileReference; lastKnownFileType = sourcecode.swift; path = WebOpenCapability.swift; sourceTree = "<group>"; };
		A00000000000000000000026 /* MicrophonePermissionClient.swift */ = {isa = PBXFileReference; lastKnownFileType = sourcecode.swift; path = MicrophonePermissionClient.swift; sourceTree = "<group>"; };
		A00000000000000000000027 /* SpeechAssetPreparationClient.swift */ = {isa = PBXFileReference; lastKnownFileType = sourcecode.swift; path = SpeechAssetPreparationClient.swift; sourceTree = "<group>"; };
		A00000000000000000000028 /* SpeechAudioConversion.swift */ = {isa = PBXFileReference; lastKnownFileType = sourcecode.swift; path = SpeechAudioConversion.swift; sourceTree = "<group>"; };
		A00000000000000000000029 /* SpeechTranscriptionSession.swift */ = {isa = PBXFileReference; lastKnownFileType = sourcecode.swift; path = SpeechTranscriptionSession.swift; sourceTree = "<group>"; };
		A0000000000000000000002A /* VoiceTranscriptionClient.swift */ = {isa = PBXFileReference; lastKnownFileType = sourcecode.swift; path = VoiceTranscriptionClient.swift; sourceTree = "<group>"; };
		A0000000000000000000002B /* Topher.entitlements */ = {isa = PBXFileReference; lastKnownFileType = text.plist.entitlements; path = Topher.entitlements; sourceTree = "<group>"; };
		A0000000000000000000002C /* VoiceFeedbackHUD.swift */ = {isa = PBXFileReference; lastKnownFileType = sourcecode.swift; path = VoiceFeedbackHUD.swift; sourceTree = "<group>"; };
		A0000000000000000000002D /* AssistantCommandProcessor.swift */ = {isa = PBXFileReference; lastKnownFileType = sourcecode.swift; path = AssistantCommandProcessor.swift; sourceTree = "<group>"; };
		A0000000000000000000002E /* PushToTalkCaptureController.swift */ = {isa = PBXFileReference; lastKnownFileType = sourcecode.swift; path = PushToTalkCaptureController.swift; sourceTree = "<group>"; };
		A0000000000000000000002F /* DeveloperDiagnosticsStore.swift */ = {isa = PBXFileReference; lastKnownFileType = sourcecode.swift; path = DeveloperDiagnosticsStore.swift; sourceTree = "<group>"; };
		A00000000000000000000040 /* DeveloperDiagnosticsController.swift */ = {isa = PBXFileReference; lastKnownFileType = sourcecode.swift; path = DeveloperDiagnosticsController.swift; sourceTree = "<group>"; };
		A00000000000000000000042 /* DeveloperDiagnosticsView.swift */ = {isa = PBXFileReference; lastKnownFileType = sourcecode.swift; path = DeveloperDiagnosticsView.swift; sourceTree = "<group>"; };
		A00000000000000000000044 /* SpeechVocabularyController.swift */ = {isa = PBXFileReference; lastKnownFileType = sourcecode.swift; path = SpeechVocabularyController.swift; sourceTree = "<group>"; };
		A00000000000000000000045 /* TopherSingleInstanceLock.swift */ = {isa = PBXFileReference; lastKnownFileType = sourcecode.swift; path = TopherSingleInstanceLock.swift; sourceTree = "<group>"; };
		A00000000000000000000047 /* InstalledApplicationCatalog.swift */ = {isa = PBXFileReference; lastKnownFileType = sourcecode.swift; path = InstalledApplicationCatalog.swift; sourceTree = "<group>"; };
		A00000000000000000000049 /* FrontmostApplicationCapability.swift */ = {isa = PBXFileReference; lastKnownFileType = sourcecode.swift; path = FrontmostApplicationCapability.swift; sourceTree = "<group>"; };
/* End PBXFileReference section */

/* Begin PBXFrameworksBuildPhase section */
		A00000000000000000000008 /* Frameworks */ = {
			isa = PBXFrameworksBuildPhase;
			buildActionMask = 2147483647;
			files = (
				A00000000000000000000015 /* KeyboardShortcuts in Frameworks */,
				A00000000000000000000014 /* TopherCore in Frameworks */,
			);
			runOnlyForDeploymentPostprocessing = 0;
		};
/* End PBXFrameworksBuildPhase section */

/* Begin PBXGroup section */
		A00000000000000000000002 = {
			isa = PBXGroup;
			children = (
				A00000000000000000000004 /* TopherApp */,
				A00000000000000000000003 /* Products */,
			);
			sourceTree = "<group>";
		};
		A00000000000000000000003 /* Products */ = {
			isa = PBXGroup;
			children = (
				A00000000000000000000005 /* Topher.app */,
			);
			name = Products;
			sourceTree = "<group>";
		};
		A00000000000000000000004 /* TopherApp */ = {
			isa = PBXGroup;
			children = (
				A0000000000000000000004B /* AccessibilityPermissionClient.swift */,
				A00000000000000000000020 /* ApplicationOpenCapability.swift */,
				A0000000000000000000002D /* AssistantCommandProcessor.swift */,
				A00000000000000000000040 /* DeveloperDiagnosticsController.swift */,
				A0000000000000000000002F /* DeveloperDiagnosticsStore.swift */,
				A00000000000000000000042 /* DeveloperDiagnosticsView.swift */,
				A0000000000000000000004D /* DictationClipboardCapability.swift */,
				A00000000000000000000052 /* DictationPolishSettings.swift */,
				A0000000000000000000004F /* FocusedTextInsertionCapability.swift */,
				A00000000000000000000049 /* FrontmostApplicationCapability.swift */,
				A00000000000000000000047 /* InstalledApplicationCatalog.swift */,
				A00000000000000000000021 /* KeyboardShortcut.swift */,
				A00000000000000000000022 /* MenuContentView.swift */,
				A00000000000000000000026 /* MicrophonePermissionClient.swift */,
				A0000000000000000000002E /* PushToTalkCaptureController.swift */,
				A00000000000000000000027 /* SpeechAssetPreparationClient.swift */,
				A00000000000000000000028 /* SpeechAudioConversion.swift */,
				A00000000000000000000029 /* SpeechTranscriptionSession.swift */,
				A00000000000000000000044 /* SpeechVocabularyController.swift */,
				A0000000000000000000002B /* Topher.entitlements */,
				A00000000000000000000023 /* TopherApp.swift */,
				A00000000000000000000024 /* TopherModel.swift */,
				A00000000000000000000045 /* TopherSingleInstanceLock.swift */,
				A0000000000000000000002C /* VoiceFeedbackHUD.swift */,
				A0000000000000000000002A /* VoiceTranscriptionClient.swift */,
				A00000000000000000000025 /* WebOpenCapability.swift */,
			);
			name = TopherApp;
			path = Sources/TopherApp;
			sourceTree = "<group>";
		};
/* End PBXGroup section */

/* Begin PBXNativeTarget section */
		A00000000000000000000006 /* Topher */ = {
			isa = PBXNativeTarget;
			buildConfigurationList = A0000000000000000000000B /* Build configuration list for PBXNativeTarget "Topher" */;
			buildPhases = (
				A00000000000000000000007 /* Sources */,
				A00000000000000000000008 /* Frameworks */,
				A00000000000000000000009 /* Resources */,
			);
			buildRules = (
			);
			dependencies = (
			);
			name = Topher;
			packageProductDependencies = (
				A00000000000000000000012 /* TopherCore */,
				A00000000000000000000013 /* KeyboardShortcuts */,
			);
			productName = Topher;
			productReference = A00000000000000000000005 /* Topher.app */;
			productType = "com.apple.product-type.application";
		};
/* End PBXNativeTarget section */

/* Begin PBXProject section */
		A00000000000000000000001 /* Project object */ = {
			isa = PBXProject;
			attributes = {
				BuildIndependentTargetsInParallel = YES;
				LastSwiftUpdateCheck = 2660;
				LastUpgradeCheck = 2660;
				TargetAttributes = {
					A00000000000000000000006 = {
						CreatedOnToolsVersion = 26.6;
					};
				};
			};
			buildConfigurationList = A0000000000000000000000A /* Build configuration list for PBXProject "Topher" */;
			compatibilityVersion = "Xcode 14.0";
			developmentRegion = en;
			hasScannedForEncodings = 0;
			knownRegions = (
				en,
				Base,
			);
			mainGroup = A00000000000000000000002;
			packageReferences = (
				A00000000000000000000010 /* XCLocalSwiftPackageReference "." */,
				A00000000000000000000011 /* XCRemoteSwiftPackageReference "KeyboardShortcuts" */,
			);
			productRefGroup = A00000000000000000000003 /* Products */;
			projectDirPath = "";
			projectRoot = "";
			targets = (
				A00000000000000000000006 /* Topher */,
			);
		};
/* End PBXProject section */

/* Begin PBXResourcesBuildPhase section */
		A00000000000000000000009 /* Resources */ = {
			isa = PBXResourcesBuildPhase;
			buildActionMask = 2147483647;
			files = (
			);
			runOnlyForDeploymentPostprocessing = 0;
		};
/* End PBXResourcesBuildPhase section */

/* Begin PBXSourcesBuildPhase section */
		A00000000000000000000007 /* Sources */ = {
			isa = PBXSourcesBuildPhase;
			buildActionMask = 2147483647;
			files = (
				A0000000000000000000004C /* AccessibilityPermissionClient.swift in Sources */,
				A00000000000000000000030 /* ApplicationOpenCapability.swift in Sources */,
				A0000000000000000000003C /* AssistantCommandProcessor.swift in Sources */,
				A0000000000000000000003F /* DeveloperDiagnosticsController.swift in Sources */,
				A0000000000000000000003E /* DeveloperDiagnosticsStore.swift in Sources */,
				A00000000000000000000041 /* DeveloperDiagnosticsView.swift in Sources */,
				A0000000000000000000004E /* DictationClipboardCapability.swift in Sources */,
				A00000000000000000000053 /* DictationPolishSettings.swift in Sources */,
				A00000000000000000000050 /* FocusedTextInsertionCapability.swift in Sources */,
				A0000000000000000000004A /* FrontmostApplicationCapability.swift in Sources */,
				A00000000000000000000048 /* InstalledApplicationCatalog.swift in Sources */,
				A00000000000000000000031 /* KeyboardShortcut.swift in Sources */,
				A00000000000000000000032 /* MenuContentView.swift in Sources */,
				A00000000000000000000036 /* MicrophonePermissionClient.swift in Sources */,
				A0000000000000000000003D /* PushToTalkCaptureController.swift in Sources */,
				A00000000000000000000037 /* SpeechAssetPreparationClient.swift in Sources */,
				A00000000000000000000038 /* SpeechAudioConversion.swift in Sources */,
				A00000000000000000000039 /* SpeechTranscriptionSession.swift in Sources */,
				A00000000000000000000043 /* SpeechVocabularyController.swift in Sources */,
				A00000000000000000000033 /* TopherApp.swift in Sources */,
				A00000000000000000000034 /* TopherModel.swift in Sources */,
				A00000000000000000000046 /* TopherSingleInstanceLock.swift in Sources */,
				A0000000000000000000003B /* VoiceFeedbackHUD.swift in Sources */,
				A0000000000000000000003A /* VoiceTranscriptionClient.swift in Sources */,
				A00000000000000000000035 /* WebOpenCapability.swift in Sources */,
			);
			runOnlyForDeploymentPostprocessing = 0;
		};
/* End PBXSourcesBuildPhase section */

/* Begin XCBuildConfiguration section */
		A0000000000000000000000C /* Debug */ = {
			isa = XCBuildConfiguration;
			buildSettings = {
				ALWAYS_SEARCH_USER_PATHS = NO;
				CLANG_ENABLE_MODULES = YES;
				CLANG_ENABLE_OBJC_ARC = YES;
				CLANG_ENABLE_OBJC_WEAK = YES;
				COPY_PHASE_STRIP = NO;
				DEBUG_INFORMATION_FORMAT = dwarf;
				ENABLE_TESTABILITY = YES;
				ENABLE_USER_SCRIPT_SANDBOXING = YES;
				GCC_C_LANGUAGE_STANDARD = gnu17;
				GCC_OPTIMIZATION_LEVEL = 0;
				GCC_PREPROCESSOR_DEFINITIONS = (
					"DEBUG=1",
					"$(inherited)",
				);
				MACOSX_DEPLOYMENT_TARGET = 26.0;
				MTL_ENABLE_DEBUG_INFO = INCLUDE_SOURCE;
				ONLY_ACTIVE_ARCH = YES;
				SDKROOT = macosx;
				SWIFT_ACTIVE_COMPILATION_CONDITIONS = "DEBUG $(inherited)";
				SWIFT_OPTIMIZATION_LEVEL = "-Onone";
			};
			name = Debug;
		};
		A0000000000000000000000D /* Release */ = {
			isa = XCBuildConfiguration;
			buildSettings = {
				ALWAYS_SEARCH_USER_PATHS = NO;
				CLANG_ENABLE_MODULES = YES;
				CLANG_ENABLE_OBJC_ARC = YES;
				CLANG_ENABLE_OBJC_WEAK = YES;
				COPY_PHASE_STRIP = NO;
				DEBUG_INFORMATION_FORMAT = "dwarf-with-dsym";
				ENABLE_NS_ASSERTIONS = NO;
				ENABLE_USER_SCRIPT_SANDBOXING = YES;
				GCC_C_LANGUAGE_STANDARD = gnu17;
				MACOSX_DEPLOYMENT_TARGET = 26.0;
				MTL_ENABLE_DEBUG_INFO = NO;
				SDKROOT = macosx;
				SWIFT_COMPILATION_MODE = wholemodule;
			};
			name = Release;
		};
		A0000000000000000000000E /* Debug */ = {
			isa = XCBuildConfiguration;
			buildSettings = {
				CODE_SIGN_ENTITLEMENTS = Sources/TopherApp/Topher.entitlements;
				CODE_SIGN_IDENTITY = "-";
				CODE_SIGN_STYLE = Manual;
				COMBINE_HIDPI_IMAGES = YES;
				CURRENT_PROJECT_VERSION = 12;
				DEAD_CODE_STRIPPING = YES;
				ENABLE_APP_SANDBOX = NO;
				ENABLE_HARDENED_RUNTIME = YES;
				GENERATE_INFOPLIST_FILE = YES;
				INFOPLIST_KEY_CFBundleDisplayName = Topher;
				INFOPLIST_KEY_LSApplicationCategoryType = "public.app-category.productivity";
				INFOPLIST_KEY_LSUIElement = YES;
				INFOPLIST_KEY_NSMicrophoneUsageDescription = "Topher uses the microphone only while you hold an assistant or dictation shortcut to transcribe locally on this Mac.";
				LD_RUNPATH_SEARCH_PATHS = (
					"$(inherited)",
					"@executable_path/../Frameworks",
				);
				MARKETING_VERSION = 0.4.0;
				PRODUCT_BUNDLE_IDENTIFIER = dev.topher.app;
				PRODUCT_NAME = "$(TARGET_NAME)";
				SWIFT_EMIT_LOC_STRINGS = YES;
				SWIFT_VERSION = 6.0;
			};
			name = Debug;
		};
		A0000000000000000000000F /* Release */ = {
			isa = XCBuildConfiguration;
			buildSettings = {
				CODE_SIGN_ENTITLEMENTS = Sources/TopherApp/Topher.entitlements;
				CODE_SIGN_IDENTITY = "-";
				CODE_SIGN_INJECT_BASE_ENTITLEMENTS = NO;
				CODE_SIGN_STYLE = Manual;
				COMBINE_HIDPI_IMAGES = YES;
				CURRENT_PROJECT_VERSION = 12;
				DEAD_CODE_STRIPPING = YES;
				ENABLE_APP_SANDBOX = NO;
				ENABLE_HARDENED_RUNTIME = YES;
				GENERATE_INFOPLIST_FILE = YES;
				INFOPLIST_KEY_CFBundleDisplayName = Topher;
				INFOPLIST_KEY_LSApplicationCategoryType = "public.app-category.productivity";
				INFOPLIST_KEY_LSUIElement = YES;
				INFOPLIST_KEY_NSMicrophoneUsageDescription = "Topher uses the microphone only while you hold an assistant or dictation shortcut to transcribe locally on this Mac.";
				LD_RUNPATH_SEARCH_PATHS = (
					"$(inherited)",
					"@executable_path/../Frameworks",
				);
				MARKETING_VERSION = 0.4.0;
				PRODUCT_BUNDLE_IDENTIFIER = dev.topher.app;
				PRODUCT_NAME = "$(TARGET_NAME)";
				SWIFT_EMIT_LOC_STRINGS = YES;
				SWIFT_VERSION = 6.0;
			};
			name = Release;
		};
/* End XCBuildConfiguration section */

/* Begin XCConfigurationList section */
		A0000000000000000000000A /* Build configuration list for PBXProject "Topher" */ = {
			isa = XCConfigurationList;
			buildConfigurations = (
				A0000000000000000000000C /* Debug */,
				A0000000000000000000000D /* Release */,
			);
			defaultConfigurationIsVisible = 0;
			defaultConfigurationName = Release;
		};
		A0000000000000000000000B /* Build configuration list for PBXNativeTarget "Topher" */ = {
			isa = XCConfigurationList;
			buildConfigurations = (
				A0000000000000000000000E /* Debug */,
				A0000000000000000000000F /* Release */,
			);
			defaultConfigurationIsVisible = 0;
			defaultConfigurationName = Release;
		};
/* End XCConfigurationList section */

/* Begin XCLocalSwiftPackageReference section */
		A00000000000000000000010 /* XCLocalSwiftPackageReference "." */ = {
			isa = XCLocalSwiftPackageReference;
			relativePath = .;
		};
/* End XCLocalSwiftPackageReference section */

/* Begin XCRemoteSwiftPackageReference section */
		A00000000000000000000011 /* XCRemoteSwiftPackageReference "KeyboardShortcuts" */ = {
			isa = XCRemoteSwiftPackageReference;
			repositoryURL = "https://github.com/sindresorhus/KeyboardShortcuts";
			requirement = {
				kind = upToNextMajorVersion;
				minimumVersion = 3.0.1;
			};
		};
/* End XCRemoteSwiftPackageReference section */

/* Begin XCSwiftPackageProductDependency section */
		A00000000000000000000012 /* TopherCore */ = {
			isa = XCSwiftPackageProductDependency;
			package = A00000000000000000000010 /* XCLocalSwiftPackageReference "." */;
			productName = TopherCore;
		};
		A00000000000000000000013 /* KeyboardShortcuts */ = {
			isa = XCSwiftPackageProductDependency;
			package = A00000000000000000000011 /* XCRemoteSwiftPackageReference "KeyboardShortcuts" */;
			productName = KeyboardShortcuts;
		};
/* End XCSwiftPackageProductDependency section */
	};
	rootObject = A00000000000000000000001 /* Project object */;
}
